
Microsoft Visual Studio Solution File, Format Version 12.00
# Visual Studio Version 17
VisualStudioVersion = 17.14.36429.23
MinimumVisualStudioVersion = 10.0.40219.1
Project("{FAE04EC0-301F-11D3-BF4B-00C04F79EFBC}") = "UESAN.Ecommerce.CORE", "UESAN.Ecommerce.CORE\UESAN.Ecommerce.CORE.csproj", "{7E374D29-066D-4C84-A3C5-FC76A8151EF7}"
EndProject
Project("{FAE04EC0-301F-11D3-BF4B-00C04F79EFBC}") = "UESAN.Ecommerce.API", "UESAN.Ecommerce.API\UESAN.Ecommerce.API.csproj", "{3707395E-8465-3603-E4EE-686562CBF6F8}"
EndProject
Global
	GlobalSection(SolutionConfigurationPlatforms) = preSolution
		Debug|Any CPU = Debug|Any CPU
		Release|Any CPU = Release|Any CPU
	EndGlobalSection
	GlobalSection(ProjectConfigurationPlatforms) = postSolution
		{7E374D29-066D-4C84-A3C5-FC76A8151EF7}.Debug|Any CPU.ActiveCfg = Debug|Any CPU
		{7E374D29-066D-4C84-A3C5-FC76A8151EF7}.Debug|Any CPU.Build.0 = Debug|Any CPU
		{7E374D29-066D-4C84-A3C5-FC76A8151EF7}.Release|Any CPU.ActiveCfg = Release|Any CPU
		{7E374D29-066D-4C84-A3C5-FC76A8151EF7}.Release|Any CPU.Build.0 = Release|Any CPU
		{3707395E-8465-3603-E4EE-686562CBF6F8}.Debug|Any CPU.ActiveCfg = Debug|Any CPU
		{3707395E-8465-3603-E4EE-686562CBF6F8}.Debug|Any CPU.Build.0 = Debug|Any CPU
		{3707395E-8465-3603-E4EE-686562CBF6F8}.Release|Any CPU.ActiveCfg = Release|Any CPU
		{3707395E-8465-3603-E4EE-686562CBF6F8}.Release|Any CPU.Build.0 = Release|Any CPU
	EndGlobalSection
	GlobalSection(SolutionProperties) = preSolution
		HideSolutionNode = FALSE
	EndGlobalSection
	GlobalSection(ExtensibilityGlobals) = postSolution
		SolutionGuid = {4E071602-D8DC-4E60-A641-C7E929223B9C}
	EndGlobalSection
EndGlobal
